
Microsoft Visual Studio Solution File, Format Version 12.00
# Visual Studio 15
VisualStudioVersion = 15.0.27004.2005
MinimumVisualStudioVersion = 10.0.40219.1
Project("{FAE04EC0-301F-11D3-BF4B-00C04F79EFBC}") = "ClientEncryptChat", "ClientEncryptChat\ClientEncryptChat.csproj", "{A023291E-3F68-4119-BCB0-6FC6CF32C9DE}"
EndProject
Global
	GlobalSection(SolutionConfigurationPlatforms) = preSolution
		Debug|Any CPU = Debug|Any CPU
		Release|Any CPU = Release|Any CPU
	EndGlobalSection
	GlobalSection(ProjectConfigurationPlatforms) = postSolution
		{A023291E-3F68-4119-BCB0-6FC6CF32C9DE}.Debug|Any CPU.ActiveCfg = Debug|Any CPU
		{A023291E-3F68-4119-BCB0-6FC6CF32C9DE}.Debug|Any CPU.Build.0 = Debug|Any CPU
		{A023291E-3F68-4119-BCB0-6FC6CF32C9DE}.Release|Any CPU.ActiveCfg = Release|Any CPU
		{A023291E-3F68-4119-BCB0-6FC6CF32C9DE}.Release|Any CPU.Build.0 = Release|Any CPU
	EndGlobalSection
	GlobalSection(SolutionProperties) = preSolution
		HideSolutionNode = FALSE
	EndGlobalSection
	GlobalSection(ExtensibilityGlobals) = postSolution
		SolutionGuid = {01BC202C-AB8D-4289-A8F4-75EBEB8DF189}
	EndGlobalSection
EndGlobal
